
Microsoft Visual Studio Solution File, Format Version 12.00
Project("{FAE04EC0-301F-11D3-BF4B-00C04F79EFBC}") = "Snaffler", "Snaffler\Snaffler.csproj", "{2EA93D2F-0D20-4A1A-B0CA-4493ECEFBCBA}"
EndProject
Project("{FAE04EC0-301F-11D3-BF4B-00C04F79EFBC}") = "SnaffCore", "SnaffCore\SnaffCore.csproj", "{45CF9522-D515-4AD7-8D97-F75426AB5C9D}"
EndProject
Global
	GlobalSection(SolutionConfigurationPlatforms) = preSolution
		Debug|Any CPU = Debug|Any CPU
		Release|Any CPU = Release|Any CPU
	EndGlobalSection
	GlobalSection(ProjectConfigurationPlatforms) = postSolution
		{2EA93D2F-0D20-4A1A-B0CA-4493ECEFBCBA}.Debug|Any CPU.ActiveCfg = Debug|Any CPU
		{2EA93D2F-0D20-4A1A-B0CA-4493ECEFBCBA}.Debug|Any CPU.Build.0 = Debug|Any CPU
		{2EA93D2F-0D20-4A1A-B0CA-4493ECEFBCBA}.Release|Any CPU.ActiveCfg = Release|Any CPU
		{2EA93D2F-0D20-4A1A-B0CA-4493ECEFBCBA}.Release|Any CPU.Build.0 = Release|Any CPU
		{45CF9522-D515-4AD7-8D97-F75426AB5C9D}.Debug|Any CPU.ActiveCfg = Debug|Any CPU
		{45CF9522-D515-4AD7-8D97-F75426AB5C9D}.Debug|Any CPU.Build.0 = Debug|Any CPU
		{45CF9522-D515-4AD7-8D97-F75426AB5C9D}.Release|Any CPU.ActiveCfg = Release|Any CPU
		{45CF9522-D515-4AD7-8D97-F75426AB5C9D}.Release|Any CPU.Build.0 = Release|Any CPU
	EndGlobalSection
EndGlobal
